
Microsoft Visual Studio Solution File, Format Version 12.00
# Visual Studio Version 16
VisualStudioVersion = 16.0.29020.237
MinimumVisualStudioVersion = 10.0.40219.1
Project("{FAE04EC0-301F-11D3-BF4B-00C04F79EFBC}") = "Northwind_CRUD", "Northwind_CRUD\Northwind_CRUD.csproj", "{49BAA15E-A63E-497B-8FF8-0E2A6589DB83}"
EndProject
Global
	GlobalSection(SolutionConfigurationPlatforms) = preSolution
		Debug|Any CPU = Debug|Any CPU
		Release|Any CPU = Release|Any CPU
	EndGlobalSection
	GlobalSection(ProjectConfigurationPlatforms) = postSolution
		{49BAA15E-A63E-497B-8FF8-0E2A6589DB83}.Debug|Any CPU.ActiveCfg = Debug|Any CPU
		{49BAA15E-A63E-497B-8FF8-0E2A6589DB83}.Debug|Any CPU.Build.0 = Debug|Any CPU
		{49BAA15E-A63E-497B-8FF8-0E2A6589DB83}.Release|Any CPU.ActiveCfg = Release|Any CPU
		{49BAA15E-A63E-497B-8FF8-0E2A6589DB83}.Release|Any CPU.Build.0 = Release|Any CPU
	EndGlobalSection
	GlobalSection(SolutionProperties) = preSolution
		HideSolutionNode = FALSE
	EndGlobalSection
	GlobalSection(ExtensibilityGlobals) = postSolution
		SolutionGuid = {78CA3C46-55D4-4ECD-A8EA-1C05598D0184}
	EndGlobalSection
EndGlobal
